// !$*UTF8*$!
{
	archiveVersion = 1;
	classes = {
	};
	objectVersion = 48;
	objects = {

/* Begin PBXBuildFile section */
		0578BBBA47E0AC183DECF4CF /* Pods_TCPickerViewExample.framework in Frameworks */ = {isa = PBXBuildFile; fileRef = B6D3D5255C2AAE62C7622406 /* Pods_TCPickerViewExample.framework */; };
		2F6330841F5D6D830086584B /* AppDelegate.swift in Sources */ = {isa = PBXBuildFile; fileRef = 2F6330831F5D6D830086584B /* AppDelegate.swift */; };
		2F6330861F5D6D830086584B /* ViewController.swift in Sources */ = {isa = PBXBuildFile; fileRef = 2F6330851F5D6D830086584B /* ViewController.swift */; };
		2F6330891F5D6D830086584B /* Main.storyboard in Resources */ = {isa = PBXBuildFile; fileRef = 2F6330871F5D6D830086584B /* Main.storyboard */; };
		2F63308B1F5D6D830086584B /* Assets.xcassets in Resources */ = {isa = PBXBuildFile; fileRef = 2F63308A1F5D6D830086584B /* Assets.xcassets */; };
		2F63308E1F5D6D830086584B /* LaunchScreen.storyboard in Resources */ = {isa = PBXBuildFile; fileRef = 2F63308C1F5D6D830086584B /* LaunchScreen.storyboard */; };
		63B4522420CE6DED00A5CB13 /* ExampleTableViewCell.xib in Resources */ = {isa = PBXBuildFile; fileRef = 63B4522320CE6DED00A5CB13 /* ExampleTableViewCell.xib */; };
		63B4522620CE6E5800A5CB13 /* ExampleTableViewCell.swift in Sources */ = {isa = PBXBuildFile; fileRef = 63B4522520CE6E5800A5CB13 /* ExampleTableViewCell.swift */; };
/* End PBXBuildFile section */

/* Begin PBXFileReference section */
		2F6330801F5D6D830086584B /* TCPickerViewExample.app */ = {isa = PBXFileReference; explicitFileType = wrapper.application; includeInIndex = 0; path = TCPickerViewExample.app; sourceTree = BUILT_PRODUCTS_DIR; };
		2F6330831F5D6D830086584B /* AppDelegate.swift */ = {isa = PBXFileReference; lastKnownFileType = sourcecode.swift; path = AppDelegate.swift; sourceTree = "<group>"; };
		2F6330851F5D6D830086584B /* ViewController.swift */ = {isa = PBXFileReference; lastKnownFileType = sourcecode.swift; path = ViewController.swift; sourceTree = "<group>"; };
		2F6330881F5D6D830086584B /* Base */ = {isa = PBXFileReference; lastKnownFileType = file.storyboard; name = Base; path = Base.lproj/Main.storyboard; sourceTree = "<group>"; };
		2F63308A1F5D6D830086584B /* Assets.xcassets */ = {isa = PBXFileReference; lastKnownFileType = folder.assetcatalog; path = Assets.xcassets; sourceTree = "<group>"; };
		2F63308D1F5D6D830086584B /* Base */ = {isa = PBXFileReference; lastKnownFileType = file.storyboard; name = Base; path = Base.lproj/LaunchScreen.storyboard; sourceTree = "<group>"; };
		2F63308F1F5D6D830086584B /* Info.plist */ = {isa = PBXFileReference; lastKnownFileType = text.plist.xml; path = Info.plist; sourceTree = "<group>"; };
		545A352FB6EEF45689F1E140 /* Pods-TCPickerView.release.xcconfig */ = {isa = PBXFileReference; includeInIndex = 1; lastKnownFileType = text.xcconfig; name = "Pods-TCPickerView.release.xcconfig"; path = "Pods/Target Support Files/Pods-TCPickerView/Pods-TCPickerView.release.xcconfig"; sourceTree = "<group>"; };
		63B4522320CE6DED00A5CB13 /* ExampleTableViewCell.xib */ = {isa = PBXFileReference; lastKnownFileType = file.xib; path = ExampleTableViewCell.xib; sourceTree = "<group>"; };
		63B4522520CE6E5800A5CB13 /* ExampleTableViewCell.swift */ = {isa = PBXFileReference; lastKnownFileType = sourcecode.swift; path = ExampleTableViewCell.swift; sourceTree = "<group>"; };
		6BA6994F974C6B1A18114BAA /* Pods_TCPickerView.framework */ = {isa = PBXFileReference; explicitFileType = wrapper.framework; includeInIndex = 0; path = Pods_TCPickerView.framework; sourceTree = BUILT_PRODUCTS_DIR; };
		78271278690115EFA7B6D75A /* Pods-TCPickerView.debug.xcconfig */ = {isa = PBXFileReference; includeInIndex = 1; lastKnownFileType = text.xcconfig; name = "Pods-TCPickerView.debug.xcconfig"; path = "Pods/Target Support Files/Pods-TCPickerView/Pods-TCPickerView.debug.xcconfig"; sourceTree = "<group>"; };
		B6D3D5255C2AAE62C7622406 /* Pods_TCPickerViewExample.framework */ = {isa = PBXFileReference; explicitFileType = wrapper.framework; includeInIndex = 0; path = Pods_TCPickerViewExample.framework; sourceTree = BUILT_PRODUCTS_DIR; };
		D80C568EFC6FDFA0382953FA /* Pods-TCPickerViewExample.debug.xcconfig */ = {isa = PBXFileReference; includeInIndex = 1; lastKnownFileType = text.xcconfig; name = "Pods-TCPickerViewExample.debug.xcconfig"; path = "Pods/Target Support Files/Pods-TCPickerViewExample/Pods-TCPickerViewExample.debug.xcconfig"; sourceTree = "<group>"; };
		DF49581795309993C432083C /* Pods-TCPickerViewExample.release.xcconfig */ = {isa = PBXFileReference; includeInIndex = 1; lastKnownFileType = text.xcconfig; name = "Pods-TCPickerViewExample.release.xcconfig"; path = "Pods/Target Support Files/Pods-TCPickerViewExample/Pods-TCPickerViewExample.release.xcconfig"; sourceTree = "<group>"; };
/* End PBXFileReference section */

/* Begin PBXFrameworksBuildPhase section */
		2F63307D1F5D6D830086584B /* Frameworks */ = {
			isa = PBXFrameworksBuildPhase;
			buildActionMask = 2147483647;
			files = (
				0578BBBA47E0AC183DECF4CF /* Pods_TCPickerViewExample.framework in Frameworks */,
			);
			runOnlyForDeploymentPostprocessing = 0;
		};
/* End PBXFrameworksBuildPhase section */

/* Begin PBXGroup section */
		1D31E4933F010D66E04C4E1F /* Pods */ = {
			isa = PBXGroup;
			children = (
				78271278690115EFA7B6D75A /* Pods-TCPickerView.debug.xcconfig */,
				545A352FB6EEF45689F1E140 /* Pods-TCPickerView.release.xcconfig */,
				D80C568EFC6FDFA0382953FA /* Pods-TCPickerViewExample.debug.xcconfig */,
				DF49581795309993C432083C /* Pods-TCPickerViewExample.release.xcconfig */,
			);
			name = Pods;
			sourceTree = "<group>";
		};
		2F6330771F5D6D830086584B = {
			isa = PBXGroup;
			children = (
				2F6330821F5D6D830086584B /* TCPickerView */,
				2F6330811F5D6D830086584B /* Products */,
				1D31E4933F010D66E04C4E1F /* Pods */,
				F65BC6F9159B8E9D49AA973E /* Frameworks */,
			);
			sourceTree = "<group>";
		};
		2F6330811F5D6D830086584B /* Products */ = {
			isa = PBXGroup;
			children = (
				2F6330801F5D6D830086584B /* TCPickerViewExample.app */,
			);
			name = Products;
			sourceTree = "<group>";
		};
		2F6330821F5D6D830086584B /* TCPickerView */ = {
			isa = PBXGroup;
			children = (
				63B4522720CE71C800A5CB13 /* View */,
				2F6330831F5D6D830086584B /* AppDelegate.swift */,
				2F6330851F5D6D830086584B /* ViewController.swift */,
				2F6330871F5D6D830086584B /* Main.storyboard */,
				2F63308A1F5D6D830086584B /* Assets.xcassets */,
				2F63308C1F5D6D830086584B /* LaunchScreen.storyboard */,
				2F63308F1F5D6D830086584B /* Info.plist */,
			);
			path = TCPickerView;
			sourceTree = "<group>";
		};
		63B4522720CE71C800A5CB13 /* View */ = {
			isa = PBXGroup;
			children = (
				63B4522320CE6DED00A5CB13 /* ExampleTableViewCell.xib */,
				63B4522520CE6E5800A5CB13 /* ExampleTableViewCell.swift */,
			);
			path = View;
			sourceTree = "<group>";
		};
		F65BC6F9159B8E9D49AA973E /* Frameworks */ = {
			isa = PBXGroup;
			children = (
				6BA6994F974C6B1A18114BAA /* Pods_TCPickerView.framework */,
				B6D3D5255C2AAE62C7622406 /* Pods_TCPickerViewExample.framework */,
			);
			name = Frameworks;
			sourceTree = "<group>";
		};
/* End PBXGroup section */

/* Begin PBXNativeTarget section */
		2F63307F1F5D6D830086584B /* TCPickerViewExample */ = {
			isa = PBXNativeTarget;
			buildConfigurationList = 2F6330921F5D6D830086584B /* Build configuration list for PBXNativeTarget "TCPickerViewExample" */;
			buildPhases = (
				C4C439CCE6BF427BC221DE50 /* [CP] Check Pods Manifest.lock */,
				2F63307C1F5D6D830086584B /* Sources */,
				2F63307D1F5D6D830086584B /* Frameworks */,
				2F63307E1F5D6D830086584B /* Resources */,
				D2AEE94ACE1AD6B65DD559F5 /* [CP] Embed Pods Frameworks */,
			);
			buildRules = (
			);
			dependencies = (
			);
			name = TCPickerViewExample;
			productName = TCPickerView;
			productReference = 2F6330801F5D6D830086584B /* TCPickerViewExample.app */;
			productType = "com.apple.product-type.application";
		};
/* End PBXNativeTarget section */

/* Begin PBXProject section */
		2F6330781F5D6D830086584B /* Project object */ = {
			isa = PBXProject;
			attributes = {
				LastSwiftUpdateCheck = 0900;
				LastUpgradeCheck = 0900;
				ORGANIZATIONNAME = "Taras Chernyshenko";
				TargetAttributes = {
					2F63307F1F5D6D830086584B = {
						CreatedOnToolsVersion = 9.0;
						ProvisioningStyle = Automatic;
					};
				};
			};
			buildConfigurationList = 2F63307B1F5D6D830086584B /* Build configuration list for PBXProject "TCPickerViewExample" */;
			compatibilityVersion = "Xcode 8.0";
			developmentRegion = en;
			hasScannedForEncodings = 0;
			knownRegions = (
				en,
				Base,
			);
			mainGroup = 2F6330771F5D6D830086584B;
			productRefGroup = 2F6330811F5D6D830086584B /* Products */;
			projectDirPath = "";
			projectRoot = "";
			targets = (
				2F63307F1F5D6D830086584B /* TCPickerViewExample */,
			);
		};
/* End PBXProject section */

/* Begin PBXResourcesBuildPhase section */
		2F63307E1F5D6D830086584B /* Resources */ = {
			isa = PBXResourcesBuildPhase;
			buildActionMask = 2147483647;
			files = (
				63B4522420CE6DED00A5CB13 /* ExampleTableViewCell.xib in Resources */,
				2F63308E1F5D6D830086584B /* LaunchScreen.storyboard in Resources */,
				2F63308B1F5D6D830086584B /* Assets.xcassets in Resources */,
				2F6330891F5D6D830086584B /* Main.storyboard in Resources */,
			);
			runOnlyForDeploymentPostprocessing = 0;
		};
/* End PBXResourcesBuildPhase section */

/* Begin PBXShellScriptBuildPhase section */
		C4C439CCE6BF427BC221DE50 /* [CP] Check Pods Manifest.lock */ = {
			isa = PBXShellScriptBuildPhase;
			buildActionMask = 2147483647;
			files = (
			);
			inputPaths = (
				"${PODS_PODFILE_DIR_PATH}/Podfile.lock",
				"${PODS_ROOT}/Manifest.lock",
			);
			name = "[CP] Check Pods Manifest.lock";
			outputPaths = (
				"$(DERIVED_FILE_DIR)/Pods-TCPickerViewExample-checkManifestLockResult.txt",
			);
			runOnlyForDeploymentPostprocessing = 0;
			shellPath = /bin/sh;
			shellScript = "diff \"${PODS_PODFILE_DIR_PATH}/Podfile.lock\" \"${PODS_ROOT}/Manifest.lock\" > /dev/null\nif [ $? != 0 ] ; then\n    # print error to STDERR\n    echo \"error: The sandbox is not in sync with the Podfile.lock. Run 'pod install' or update your CocoaPods installation.\" >&2\n    exit 1\nfi\n# This output is used by Xcode 'outputs' to avoid re-running this script phase.\necho \"SUCCESS\" > \"${SCRIPT_OUTPUT_FILE_0}\"\n";
			showEnvVarsInLog = 0;
		};
		D2AEE94ACE1AD6B65DD559F5 /* [CP] Embed Pods Frameworks */ = {
			isa = PBXShellScriptBuildPhase;
			buildActionMask = 2147483647;
			files = (
			);
			inputPaths = (
				"${SRCROOT}/Pods/Target Support Files/Pods-TCPickerViewExample/Pods-TCPickerViewExample-frameworks.sh",
				"${BUILT_PRODUCTS_DIR}/TCPickerView/TCPickerView.framework",
			);
			name = "[CP] Embed Pods Frameworks";
			outputPaths = (
				"${TARGET_BUILD_DIR}/${FRAMEWORKS_FOLDER_PATH}/TCPickerView.framework",
			);
			runOnlyForDeploymentPostprocessing = 0;
			shellPath = /bin/sh;
			shellScript = "\"${SRCROOT}/Pods/Target Support Files/Pods-TCPickerViewExample/Pods-TCPickerViewExample-frameworks.sh\"\n";
			showEnvVarsInLog = 0;
		};
/* End PBXShellScriptBuildPhase section */

/* Begin PBXSourcesBuildPhase section */
		2F63307C1F5D6D830086584B /* Sources */ = {
			isa = PBXSourcesBuildPhase;
			buildActionMask = 2147483647;
			files = (
				2F6330861F5D6D830086584B /* ViewController.swift in Sources */,
				2F6330841F5D6D830086584B /* AppDelegate.swift in Sources */,
				63B4522620CE6E5800A5CB13 /* ExampleTableViewCell.swift in Sources */,
			);
			runOnlyForDeploymentPostprocessing = 0;
		};
/* End PBXSourcesBuildPhase section */

/* Begin PBXVariantGroup section */
		2F6330871F5D6D830086584B /* Main.storyboard */ = {
			isa = PBXVariantGroup;
			children = (
				2F6330881F5D6D830086584B /* Base */,
			);
			name = Main.storyboard;
			sourceTree = "<group>";
		};
		2F63308C1F5D6D830086584B /* LaunchScreen.storyboard */ = {
			isa = PBXVariantGroup;
			children = (
				2F63308D1F5D6D830086584B /* Base */,
			);
			name = LaunchScreen.storyboard;
			sourceTree = "<group>";
		};
/* End PBXVariantGroup section */

/* Begin XCBuildConfiguration section */
		2F6330901F5D6D830086584B /* Debug */ = {
			isa = XCBuildConfiguration;
			buildSettings = {
				ALWAYS_SEARCH_USER_PATHS = NO;
				CLANG_ANALYZER_NONNULL = YES;
				CLANG_ANALYZER_NUMBER_OBJECT_CONVERSION = YES_AGGRESSIVE;
				CLANG_CXX_LANGUAGE_STANDARD = "gnu++14";
				CLANG_CXX_LIBRARY = "libc++";
				CLANG_ENABLE_MODULES = YES;
				CLANG_ENABLE_OBJC_ARC = YES;
				CLANG_WARN_BLOCK_CAPTURE_AUTORELEASING = YES;
				CLANG_WARN_BOOL_CONVERSION = YES;
				CLANG_WARN_COMMA = YES;
				CLANG_WARN_CONSTANT_CONVERSION = YES;
				CLANG_WARN_DIRECT_OBJC_ISA_USAGE = YES_ERROR;
				CLANG_WARN_DOCUMENTATION_COMMENTS = YES;
				CLANG_WARN_EMPTY_BODY = YES;
				CLANG_WARN_ENUM_CONVERSION = YES;
				CLANG_WARN_INFINITE_RECURSION = YES;
				CLANG_WARN_INT_CONVERSION = YES;
				CLANG_WARN_NON_LITERAL_NULL_CONVERSION = YES;
				CLANG_WARN_OBJC_LITERAL_CONVERSION = YES;
				CLANG_WARN_OBJC_ROOT_CLASS = YES_ERROR;
				CLANG_WARN_RANGE_LOOP_ANALYSIS = YES;
				CLANG_WARN_STRICT_PROTOTYPES = YES;
				CLANG_WARN_SUSPICIOUS_MOVE = YES;
				CLANG_WARN_UNGUARDED_AVAILABILITY = YES_AGGRESSIVE;
				CLANG_WARN_UNREACHABLE_CODE = YES;
				CLANG_WARN__DUPLICATE_METHOD_MATCH = YES;
				CODE_SIGN_IDENTITY = "iPhone Developer";
				COPY_PHASE_STRIP = NO;
				DEBUG_INFORMATION_FORMAT = dwarf;
				ENABLE_STRICT_OBJC_MSGSEND = YES;
				ENABLE_TESTABILITY = YES;
				GCC_C_LANGUAGE_STANDARD = gnu11;
				GCC_DYNAMIC_NO_PIC = NO;
				GCC_NO_COMMON_BLOCKS = YES;
				GCC_OPTIMIZATION_LEVEL = 0;
				GCC_PREPROCESSOR_DEFINITIONS = (
					"DEBUG=1",
					"$(inherited)",
				);
				GCC_WARN_64_TO_32_BIT_CONVERSION = YES;
				GCC_WARN_ABOUT_RETURN_TYPE = YES_ERROR;
				GCC_WARN_UNDECLARED_SELECTOR = YES;
				GCC_WARN_UNINITIALIZED_AUTOS = YES_AGGRESSIVE;
				GCC_WARN_UNUSED_FUNCTION = YES;
				GCC_WARN_UNUSED_VARIABLE = YES;
				IPHONEOS_DEPLOYMENT_TARGET = 11.0;
				MTL_ENABLE_DEBUG_INFO = YES;
				ONLY_ACTIVE_ARCH = YES;
				SDKROOT = iphoneos;
				SWIFT_ACTIVE_COMPILATION_CONDITIONS = DEBUG;
				SWIFT_OPTIMIZATION_LEVEL = "-Onone";
			};
			name = Debug;
		};
		2F6330911F5D6D830086584B /* Release */ = {
			isa = XCBuildConfiguration;
			buildSettings = {
				ALWAYS_SEARCH_USER_PATHS = NO;
				CLANG_ANALYZER_NONNULL = YES;
				CLANG_ANALYZER_NUMBER_OBJECT_CONVERSION = YES_AGGRESSIVE;
				CLANG_CXX_LANGUAGE_STANDARD = "gnu++14";
				CLANG_CXX_LIBRARY = "libc++";
				CLANG_ENABLE_MODULES = YES;
				CLANG_ENABLE_OBJC_ARC = YES;
				CLANG_WARN_BLOCK_CAPTURE_AUTORELEASING = YES;
				CLANG_WARN_BOOL_CONVERSION = YES;
				CLANG_WARN_COMMA = YES;
				CLANG_WARN_CONSTANT_CONVERSION = YES;
				CLANG_WARN_DIRECT_OBJC_ISA_USAGE = YES_ERROR;
				CLANG_WARN_DOCUMENTATION_COMMENTS = YES;
				CLANG_WARN_EMPTY_BODY = YES;
				CLANG_WARN_ENUM_CONVERSION = YES;
				CLANG_WARN_INFINITE_RECURSION = YES;
				CLANG_WARN_INT_CONVERSION = YES;
				CLANG_WARN_NON_LITERAL_NULL_CONVERSION = YES;
				CLANG_WARN_OBJC_LITERAL_CONVERSION = YES;
				CLANG_WARN_OBJC_ROOT_CLASS = YES_ERROR;
				CLANG_WARN_RANGE_LOOP_ANALYSIS = YES;
				CLANG_WARN_STRICT_PROTOTYPES = YES;
				CLANG_WARN_SUSPICIOUS_MOVE = YES;
				CLANG_WARN_UNGUARDED_AVAILABILITY = YES_AGGRESSIVE;
				CLANG_WARN_UNREACHABLE_CODE = YES;
				CLANG_WARN__DUPLICATE_METHOD_MATCH = YES;
				CODE_SIGN_IDENTITY = "iPhone Developer";
				COPY_PHASE_STRIP = NO;
				DEBUG_INFORMATION_FORMAT = "dwarf-with-dsym";
				ENABLE_NS_ASSERTIONS = NO;
				ENABLE_STRICT_OBJC_MSGSEND = YES;
				GCC_C_LANGUAGE_STANDARD = gnu11;
				GCC_NO_COMMON_BLOCKS = YES;
				GCC_WARN_64_TO_32_BIT_CONVERSION = YES;
				GCC_WARN_ABOUT_RETURN_TYPE = YES_ERROR;
				GCC_WARN_UNDECLARED_SELECTOR = YES;
				GCC_WARN_UNINITIALIZED_AUTOS = YES_AGGRESSIVE;
				GCC_WARN_UNUSED_FUNCTION = YES;
				GCC_WARN_UNUSED_VARIABLE = YES;
				IPHONEOS_DEPLOYMENT_TARGET = 11.0;
				MTL_ENABLE_DEBUG_INFO = NO;
				SDKROOT = iphoneos;
				SWIFT_OPTIMIZATION_LEVEL = "-Owholemodule";
				VALIDATE_PRODUCT = YES;
			};
			name = Release;
		};
		2F6330931F5D6D830086584B /* Debug */ = {
			isa = XCBuildConfiguration;
			baseConfigurationReference = D80C568EFC6FDFA0382953FA /* Pods-TCPickerViewExample.debug.xcconfig */;
			buildSettings = {
				ASSETCATALOG_COMPILER_APPICON_NAME = AppIcon;
				CODE_SIGN_STYLE = Automatic;
				DEVELOPMENT_TEAM = Z5G3WDJ23W;
				INFOPLIST_FILE = TCPickerView/Info.plist;
				IPHONEOS_DEPLOYMENT_TARGET = 9.0;
				LD_RUNPATH_SEARCH_PATHS = "$(inherited) @executable_path/Frameworks";
				PRODUCT_BUNDLE_IDENTIFIER = com.app.TCPickerView;
				PRODUCT_NAME = "$(TARGET_NAME)";
				SWIFT_VERSION = 4.0;
				TARGETED_DEVICE_FAMILY = "1,2";
			};
			name = Debug;
		};
		2F6330941F5D6D830086584B /* Release */ = {
			isa = XCBuildConfiguration;
			baseConfigurationReference = DF49581795309993C432083C /* Pods-TCPickerViewExample.release.xcconfig */;
			buildSettings = {
				ASSETCATALOG_COMPILER_APPICON_NAME = AppIcon;
				CODE_SIGN_STYLE = Automatic;
				DEVELOPMENT_TEAM = Z5G3WDJ23W;
				INFOPLIST_FILE = TCPickerView/Info.plist;
				IPHONEOS_DEPLOYMENT_TARGET = 9.0;
				LD_RUNPATH_SEARCH_PATHS = "$(inherited) @executable_path/Frameworks";
				PRODUCT_BUNDLE_IDENTIFIER = com.app.TCPickerView;
				PRODUCT_NAME = "$(TARGET_NAME)";
				SWIFT_VERSION = 4.0;
				TARGETED_DEVICE_FAMILY = "1,2";
			};
			name = Release;
		};
/* End XCBuildConfiguration section */

/* Begin XCConfigurationList section */
		2F63307B1F5D6D830086584B /* Build configuration list for PBXProject "TCPickerViewExample" */ = {
			isa = XCConfigurationList;
			buildConfigurations = (
				2F6330901F5D6D830086584B /* Debug */,
				2F6330911F5D6D830086584B /* Release */,
			);
			defaultConfigurationIsVisible = 0;
			defaultConfigurationName = Release;
		};
		2F6330921F5D6D830086584B /* Build configuration list for PBXNativeTarget "TCPickerViewExample" */ = {
			isa = XCConfigurationList;
			buildConfigurations = (
				2F6330931F5D6D830086584B /* Debug */,
				2F6330941F5D6D830086584B /* Release */,
			);
			defaultConfigurationIsVisible = 0;
			defaultConfigurationName = Release;
		};
/* End XCConfigurationList section */
	};
	rootObject = 2F6330781F5D6D830086584B /* Project object */;
}
